
Microsoft Visual Studio Solution File, Format Version 12.00
# Visual Studio Version 17
VisualStudioVersion = 17.5.002.0
MinimumVisualStudioVersion = 10.0.40219.1
Project("{9A19103F-16F7-4668-BE54-9A1E7A4F7556}") = "hzs0084_SwitchCaseExamples", "hzs0084_SwitchCaseExamples.csproj", "{8B23DFB2-B770-4B06-B165-9FE1DC53ECB3}"
EndProject
Global
	GlobalSection(SolutionConfigurationPlatforms) = preSolution
		Debug|Any CPU = Debug|Any CPU
		Release|Any CPU = Release|Any CPU
	EndGlobalSection
	GlobalSection(ProjectConfigurationPlatforms) = postSolution
		{8B23DFB2-B770-4B06-B165-9FE1DC53ECB3}.Debug|Any CPU.ActiveCfg = Debug|Any CPU
		{8B23DFB2-B770-4B06-B165-9FE1DC53ECB3}.Debug|Any CPU.Build.0 = Debug|Any CPU
		{8B23DFB2-B770-4B06-B165-9FE1DC53ECB3}.Release|Any CPU.ActiveCfg = Release|Any CPU
		{8B23DFB2-B770-4B06-B165-9FE1DC53ECB3}.Release|Any CPU.Build.0 = Release|Any CPU
	EndGlobalSection
	GlobalSection(SolutionProperties) = preSolution
		HideSolutionNode = FALSE
	EndGlobalSection
	GlobalSection(ExtensibilityGlobals) = postSolution
		SolutionGuid = {8CCDDD06-E295-4237-9679-CAB06FD0BED2}
	EndGlobalSection
EndGlobal
